dependencies:
- name: account-service
  repository: file://../../account-service/chart
  version: 0.1.0
- name: datahub_processor
  repository: file://../../datahub_processor/chart
  version: 0.1.0
- name: datahub-service
  repository: file://../../datahub-service/chart
  version: 0.1.0
- name: energy-type-service
  repository: file://../../energy-type-service/chart
  version: 0.1.0
- name: example-backend
  repository: file://../../example-backend/chart
  version: 0.1.0
- name: example-frontend
  repository: file://../../example-frontend/chart
  version: 0.1.1
- name: identity-service
  repository: file://../../identity-service/chart
  version: 0.1.0
digest: sha256:62362ab484d4914fc2674049a60716780610bdf60f9ca749836d7e55851bf757
generated: "2020-11-18T13:23:51.436720614Z"
